
Microsoft Visual Studio Solution File, Format Version 12.00
# Visual Studio Version 16
VisualStudioVersion = 16.0.31729.503
MinimumVisualStudioVersion = 10.0.40219.1
Project("{FAE04EC0-301F-11D3-BF4B-00C04F79EFBC}") = "EmployeeWageComputation", "EmployeeWageComputation\EmployeeWageComputation.csproj", "{AC8322CF-E90C-4180-9B2D-EC5564DCAF4E}"
EndProject
Global
	GlobalSection(SolutionConfigurationPlatforms) = preSolution
		Debug|Any CPU = Debug|Any CPU
		Release|Any CPU = Release|Any CPU
	EndGlobalSection
	GlobalSection(ProjectConfigurationPlatforms) = postSolution
		{AC8322CF-E90C-4180-9B2D-EC5564DCAF4E}.Debug|Any CPU.ActiveCfg = Debug|Any CPU
		{AC8322CF-E90C-4180-9B2D-EC5564DCAF4E}.Debug|Any CPU.Build.0 = Debug|Any CPU
		{AC8322CF-E90C-4180-9B2D-EC5564DCAF4E}.Release|Any CPU.ActiveCfg = Release|Any CPU
		{AC8322CF-E90C-4180-9B2D-EC5564DCAF4E}.Release|Any CPU.Build.0 = Release|Any CPU
	EndGlobalSection
	GlobalSection(SolutionProperties) = preSolution
		HideSolutionNode = FALSE
	EndGlobalSection
	GlobalSection(ExtensibilityGlobals) = postSolution
		SolutionGuid = {E5B61FF0-7C2F-4D95-A511-C43770FD72E7}
	EndGlobalSection
EndGlobal
